// !$*UTF8*$!
{
	archiveVersion = 1;
	classes = {
	};
	objectVersion = 77;
	objects = {

/* Begin PBXContainerItemProxy section */
		6EA77BE32CB427B300FD7574 /* PBXContainerItemProxy */ = {
			isa = PBXContainerItemProxy;
			containerPortal = 6EA77BC42CB427B100FD7574 /* Project object */;
			proxyType = 1;
			remoteGlobalIDString = 6EA77BCB2CB427B100FD7574;
			remoteInfo = BookStoreChallenge;
		};
		6EA77BED2CB427B300FD7574 /* PBXContainerItemProxy */ = {
			isa = PBXContainerItemProxy;
			containerPortal = 6EA77BC42CB427B100FD7574 /* Project object */;
			proxyType = 1;
			remoteGlobalIDString = 6EA77BCB2CB427B100FD7574;
			remoteInfo = BookStoreChallenge;
		};
/* End PBXContainerItemProxy section */

/* Begin PBXFileReference section */
		6EA77BCC2CB427B100FD7574 /* BookStoreChallenge.app */ = {isa = PBXFileReference; explicitFileType = wrapper.application; includeInIndex = 0; path = BookStoreChallenge.app; sourceTree = BUILT_PRODUCTS_DIR; };
		6EA77BE22CB427B300FD7574 /* BookStoreChallengeTests.xctest */ = {isa = PBXFileReference; explicitFileType = wrapper.cfbundle; includeInIndex = 0; path = BookStoreChallengeTests.xctest; sourceTree = BUILT_PRODUCTS_DIR; };
		6EA77BEC2CB427B300FD7574 /* BookStoreChallengeUITests.xctest */ = {isa = PBXFileReference; explicitFileType = wrapper.cfbundle; includeInIndex = 0; path = BookStoreChallengeUITests.xctest; sourceTree = BUILT_PRODUCTS_DIR; };
/* End PBXFileReference section */

/* Begin PBXFileSystemSynchronizedBuildFileExceptionSet section */
		6EA77BF42CB427B300FD7574 /* Exceptions for "BookStoreChallenge" folder in "BookStoreChallenge" target */ = {
			isa = PBXFileSystemSynchronizedBuildFileExceptionSet;
			membershipExceptions = (
				Info.plist,
			);
			target = 6EA77BCB2CB427B100FD7574 /* BookStoreChallenge */;
		};
/* End PBXFileSystemSynchronizedBuildFileExceptionSet section */

/* Begin PBXFileSystemSynchronizedRootGroup section */
		6EA77BCE2CB427B100FD7574 /* BookStoreChallenge */ = {
			isa = PBXFileSystemSynchronizedRootGroup;
			exceptions = (
				6EA77BF42CB427B300FD7574 /* Exceptions for "BookStoreChallenge" folder in "BookStoreChallenge" target */,
			);
			path = BookStoreChallenge;
			sourceTree = "<group>";
		};
		6EA77BE52CB427B300FD7574 /* BookStoreChallengeTests */ = {
			isa = PBXFileSystemSynchronizedRootGroup;
			path = BookStoreChallengeTests;
			sourceTree = "<group>";
		};
		6EA77BEF2CB427B300FD7574 /* BookStoreChallengeUITests */ = {
			isa = PBXFileSystemSynchronizedRootGroup;
			path = BookStoreChallengeUITests;
			sourceTree = "<group>";
		};
/* End PBXFileSystemSynchronizedRootGroup section */

/* Begin PBXFrameworksBuildPhase section */
		6EA77BC92CB427B100FD7574 /* Frameworks */ = {
			isa = PBXFrameworksBuildPhase;
			buildActionMask = 2147483647;
			files = (
			);
			runOnlyForDeploymentPostprocessing = 0;
		};
		6EA77BDF2CB427B300FD7574 /* Frameworks */ = {
			isa = PBXFrameworksBuildPhase;
			buildActionMask = 2147483647;
			files = (
			);
			runOnlyForDeploymentPostprocessing = 0;
		};
		6EA77BE92CB427B300FD7574 /* Frameworks */ = {
			isa = PBXFrameworksBuildPhase;
			buildActionMask = 2147483647;
			files = (
			);
			runOnlyForDeploymentPostprocessing = 0;
		};
/* End PBXFrameworksBuildPhase section */

/* Begin PBXGroup section */
		6EA77BC32CB427B100FD7574 = {
			isa = PBXGroup;
			children = (
				6EA77BCE2CB427B100FD7574 /* BookStoreChallenge */,
				6EA77BE52CB427B300FD7574 /* BookStoreChallengeTests */,
				6EA77BEF2CB427B300FD7574 /* BookStoreChallengeUITests */,
				6EA77BCD2CB427B100FD7574 /* Products */,
			);
			sourceTree = "<group>";
		};
		6EA77BCD2CB427B100FD7574 /* Products */ = {
			isa = PBXGroup;
			children = (
				6EA77BCC2CB427B100FD7574 /* BookStoreChallenge.app */,
				6EA77BE22CB427B300FD7574 /* BookStoreChallengeTests.xctest */,
				6EA77BEC2CB427B300FD7574 /* BookStoreChallengeUITests.xctest */,
			);
			name = Products;
			sourceTree = "<group>";
		};
/* End PBXGroup section */

/* Begin PBXNativeTarget section */
		6EA77BCB2CB427B100FD7574 /* BookStoreChallenge */ = {
			isa = PBXNativeTarget;
			buildConfigurationList = 6EA77BF52CB427B300FD7574 /* Build configuration list for PBXNativeTarget "BookStoreChallenge" */;
			buildPhases = (
				6EA77BC82CB427B100FD7574 /* Sources */,
				6EA77BC92CB427B100FD7574 /* Frameworks */,
				6EA77BCA2CB427B100FD7574 /* Resources */,
			);
			buildRules = (
			);
			dependencies = (
			);
			fileSystemSynchronizedGroups = (
				6EA77BCE2CB427B100FD7574 /* BookStoreChallenge */,
			);
			name = BookStoreChallenge;
			packageProductDependencies = (
			);
			productName = BookStoreChallenge;
			productReference = 6EA77BCC2CB427B100FD7574 /* BookStoreChallenge.app */;
			productType = "com.apple.product-type.application";
		};
		6EA77BE12CB427B300FD7574 /* BookStoreChallengeTests */ = {
			isa = PBXNativeTarget;
			buildConfigurationList = 6EA77BFA2CB427B300FD7574 /* Build configuration list for PBXNativeTarget "BookStoreChallengeTests" */;
			buildPhases = (
				6EA77BDE2CB427B300FD7574 /* Sources */,
				6EA77BDF2CB427B300FD7574 /* Frameworks */,
				6EA77BE02CB427B300FD7574 /* Resources */,
			);
			buildRules = (
			);
			dependencies = (
				6EA77BE42CB427B300FD7574 /* PBXTargetDependency */,
			);
			fileSystemSynchronizedGroups = (
				6EA77BE52CB427B300FD7574 /* BookStoreChallengeTests */,
			);
			name = BookStoreChallengeTests;
			packageProductDependencies = (
			);
			productName = BookStoreChallengeTests;
			productReference = 6EA77BE22CB427B300FD7574 /* BookStoreChallengeTests.xctest */;
			productType = "com.apple.product-type.bundle.unit-test";
		};
		6EA77BEB2CB427B300FD7574 /* BookStoreChallengeUITests */ = {
			isa = PBXNativeTarget;
			buildConfigurationList = 6EA77BFD2CB427B300FD7574 /* Build configuration list for PBXNativeTarget "BookStoreChallengeUITests" */;
			buildPhases = (
				6EA77BE82CB427B300FD7574 /* Sources */,
				6EA77BE92CB427B300FD7574 /* Frameworks */,
				6EA77BEA2CB427B300FD7574 /* Resources */,
			);
			buildRules = (
			);
			dependencies = (
				6EA77BEE2CB427B300FD7574 /* PBXTargetDependency */,
			);
			fileSystemSynchronizedGroups = (
				6EA77BEF2CB427B300FD7574 /* BookStoreChallengeUITests */,
			);
			name = BookStoreChallengeUITests;
			packageProductDependencies = (
			);
			productName = BookStoreChallengeUITests;
			productReference = 6EA77BEC2CB427B300FD7574 /* BookStoreChallengeUITests.xctest */;
			productType = "com.apple.product-type.bundle.ui-testing";
		};
/* End PBXNativeTarget section */

/* Begin PBXProject section */
		6EA77BC42CB427B100FD7574 /* Project object */ = {
			isa = PBXProject;
			attributes = {
				BuildIndependentTargetsInParallel = 1;
				LastSwiftUpdateCheck = 1600;
				LastUpgradeCheck = 1600;
				TargetAttributes = {
					6EA77BCB2CB427B100FD7574 = {
						CreatedOnToolsVersion = 16.0;
					};
					6EA77BE12CB427B300FD7574 = {
						CreatedOnToolsVersion = 16.0;
						TestTargetID = 6EA77BCB2CB427B100FD7574;
					};
					6EA77BEB2CB427B300FD7574 = {
						CreatedOnToolsVersion = 16.0;
						TestTargetID = 6EA77BCB2CB427B100FD7574;
					};
				};
			};
			buildConfigurationList = 6EA77BC72CB427B100FD7574 /* Build configuration list for PBXProject "BookStoreChallenge" */;
			developmentRegion = en;
			hasScannedForEncodings = 0;
			knownRegions = (
				en,
				Base,
			);
			mainGroup = 6EA77BC32CB427B100FD7574;
			minimizedProjectReferenceProxies = 1;
			preferredProjectObjectVersion = 77;
			productRefGroup = 6EA77BCD2CB427B100FD7574 /* Products */;
			projectDirPath = "";
			projectRoot = "";
			targets = (
				6EA77BCB2CB427B100FD7574 /* BookStoreChallenge */,
				6EA77BE12CB427B300FD7574 /* BookStoreChallengeTests */,
				6EA77BEB2CB427B300FD7574 /* BookStoreChallengeUITests */,
			);
		};
/* End PBXProject section */

/* Begin PBXResourcesBuildPhase section */
		6EA77BCA2CB427B100FD7574 /* Resources */ = {
			isa = PBXResourcesBuildPhase;
			buildActionMask = 2147483647;
			files = (
			);
			runOnlyForDeploymentPostprocessing = 0;
		};
		6EA77BE02CB427B300FD7574 /* Resources */ = {
			isa = PBXResourcesBuildPhase;
			buildActionMask = 2147483647;
			files = (
			);
			runOnlyForDeploymentPostprocessing = 0;
		};
		6EA77BEA2CB427B300FD7574 /* Resources */ = {
			isa = PBXResourcesBuildPhase;
			buildActionMask = 2147483647;
			files = (
			);
			runOnlyForDeploymentPostprocessing = 0;
		};
/* End PBXResourcesBuildPhase section */

/* Begin PBXSourcesBuildPhase section */
		6EA77BC82CB427B100FD7574 /* Sources */ = {
			isa = PBXSourcesBuildPhase;
			buildActionMask = 2147483647;
			files = (
			);
			runOnlyForDeploymentPostprocessing = 0;
		};
		6EA77BDE2CB427B300FD7574 /* Sources */ = {
			isa = PBXSourcesBuildPhase;
			buildActionMask = 2147483647;
			files = (
			);
			runOnlyForDeploymentPostprocessing = 0;
		};
		6EA77BE82CB427B300FD7574 /* Sources */ = {
			isa = PBXSourcesBuildPhase;
			buildActionMask = 2147483647;
			files = (
			);
			runOnlyForDeploymentPostprocessing = 0;
		};
/* End PBXSourcesBuildPhase section */

/* Begin PBXTargetDependency section */
		6EA77BE42CB427B300FD7574 /* PBXTargetDependency */ = {
			isa = PBXTargetDependency;
			target = 6EA77BCB2CB427B100FD7574 /* BookStoreChallenge */;
			targetProxy = 6EA77BE32CB427B300FD7574 /* PBXContainerItemProxy */;
		};
		6EA77BEE2CB427B300FD7574 /* PBXTargetDependency */ = {
			isa = PBXTargetDependency;
			target = 6EA77BCB2CB427B100FD7574 /* BookStoreChallenge */;
			targetProxy = 6EA77BED2CB427B300FD7574 /* PBXContainerItemProxy */;
		};
/* End PBXTargetDependency section */

/* Begin XCBuildConfiguration section */
		6EA77BF62CB427B300FD7574 /* Debug */ = {
			isa = XCBuildConfiguration;
			buildSettings = {
				ASSETCATALOG_COMPILER_APPICON_NAME = AppIcon;
				ASSETCATALOG_COMPILER_GLOBAL_ACCENT_COLOR_NAME = AccentColor;
				CODE_SIGN_STYLE = Automatic;
				CURRENT_PROJECT_VERSION = 1;
				GENERATE_INFOPLIST_FILE = YES;
				INFOPLIST_FILE = BookStoreChallenge/Info.plist;
				INFOPLIST_KEY_UIApplicationSupportsIndirectInputEvents = YES;
				INFOPLIST_KEY_UILaunchStoryboardName = LaunchScreen;
				INFOPLIST_KEY_UIMainStoryboardFile = Main;
				INFOPLIST_KEY_UISupportedInterfaceOrientations_iPad = "UIInterfaceOrientationPortrait UIInterfaceOrientationPortraitUpsideDown UIInterfaceOrientationLandscapeLeft UIInterfaceOrientationLandscapeRight";
				INFOPLIST_KEY_UISupportedInterfaceOrientations_iPhone = "UIInterfaceOrientationPortrait UIInterfaceOrientationLandscapeLeft UIInterfaceOrientationLandscapeRight";
				LD_RUNPATH_SEARCH_PATHS = (
					"$(inherited)",
					"@executable_path/Frameworks",
				);
				MARKETING_VERSION = 1.0;
				PRODUCT_BUNDLE_IDENTIFIER = vlouro.BookStoreChallenge;
				PRODUCT_NAME = "$(TARGET_NAME)";
				SWIFT_EMIT_LOC_STRINGS = YES;
				SWIFT_VERSION = 5.0;
				TARGETED_DEVICE_FAMILY = "1,2";
			};
			name = Debug;
		};
		6EA77BF72CB427B300FD7574 /* Release */ = {
			isa = XCBuildConfiguration;
			buildSettings = {
				ASSETCATALOG_COMPILER_APPICON_NAME = AppIcon;
				ASSETCATALOG_COMPILER_GLOBAL_ACCENT_COLOR_NAME = AccentColor;
				CODE_SIGN_STYLE = Automatic;
				CURRENT_PROJECT_VERSION = 1;
				GENERATE_INFOPLIST_FILE = YES;
				INFOPLIST_FILE = BookStoreChallenge/Info.plist;
				INFOPLIST_KEY_UIApplicationSupportsIndirectInputEvents = YES;
				INFOPLIST_KEY_UILaunchStoryboardName = LaunchScreen;
				INFOPLIST_KEY_UIMainStoryboardFile = Main;
				INFOPLIST_KEY_UISupportedInterfaceOrientations_iPad = "UIInterfaceOrientationPortrait UIInterfaceOrientationPortraitUpsideDown UIInterfaceOrientationLandscapeLeft UIInterfaceOrientationLandscapeRight";
				INFOPLIST_KEY_UISupportedInterfaceOrientations_iPhone = "UIInterfaceOrientationPortrait UIInterfaceOrientationLandscapeLeft UIInterfaceOrientationLandscapeRight";
				LD_RUNPATH_SEARCH_PATHS = (
					"$(inherited)",
					"@executable_path/Frameworks",
				);
				MARKETING_VERSION = 1.0;
				PRODUCT_BUNDLE_IDENTIFIER = vlouro.BookStoreChallenge;
				PRODUCT_NAME = "$(TARGET_NAME)";
				SWIFT_EMIT_LOC_STRINGS = YES;
				SWIFT_VERSION = 5.0;
				TARGETED_DEVICE_FAMILY = "1,2";
			};
			name = Release;
		};
		6EA77BF82CB427B300FD7574 /* Debug */ = {
			isa = XCBuildConfiguration;
			buildSettings = {
				ALWAYS_SEARCH_USER_PATHS = NO;
				ASSETCATALOG_COMPILER_GENERATE_SWIFT_ASSET_SYMBOL_EXTENSIONS = YES;
				CLANG_ANALYZER_NONNULL = YES;
				CLANG_ANALYZER_NUMBER_OBJECT_CONVERSION = YES_AGGRESSIVE;
				CLANG_CXX_LANGUAGE_STANDARD = "gnu++20";
				CLANG_ENABLE_MODULES = YES;
				CLANG_ENABLE_OBJC_ARC = YES;
				CLANG_ENABLE_OBJC_WEAK = YES;
				CLANG_WARN_BLOCK_CAPTURE_AUTORELEASING = YES;
				CLANG_WARN_BOOL_CONVERSION = YES;
				CLANG_WARN_COMMA = YES;
				CLANG_WARN_CONSTANT_CONVERSION = YES;
				CLANG_WARN_DEPRECATED_OBJC_IMPLEMENTATIONS = YES;
				CLANG_WARN_DIRECT_OBJC_ISA_USAGE = YES_ERROR;
				CLANG_WARN_DOCUMENTATION_COMMENTS = YES;
				CLANG_WARN_EMPTY_BODY = YES;
				CLANG_WARN_ENUM_CONVERSION = YES;
				CLANG_WARN_INFINITE_RECURSION = YES;
				CLANG_WARN_INT_CONVERSION = YES;
				CLANG_WARN_NON_LITERAL_NULL_CONVERSION = YES;
				CLANG_WARN_OBJC_IMPLICIT_RETAIN_SELF = YES;
				CLANG_WARN_OBJC_LITERAL_CONVERSION = YES;
				CLANG_WARN_OBJC_ROOT_CLASS = YES_ERROR;
				CLANG_WARN_QUOTED_INCLUDE_IN_FRAMEWORK_HEADER = YES;
				CLANG_WARN_RANGE_LOOP_ANALYSIS = YES;
				CLANG_WARN_STRICT_PROTOTYPES = YES;
				CLANG_WARN_SUSPICIOUS_MOVE = YES;
				CLANG_WARN_UNGUARDED_AVAILABILITY = YES_AGGRESSIVE;
				CLANG_WARN_UNREACHABLE_CODE = YES;
				CLANG_WARN__DUPLICATE_METHOD_MATCH = YES;
				COPY_PHASE_STRIP = NO;
				DEBUG_INFORMATION_FORMAT = dwarf;
				ENABLE_STRICT_OBJC_MSGSEND = YES;
				ENABLE_TESTABILITY = YES;
				ENABLE_USER_SCRIPT_SANDBOXING = YES;
				GCC_C_LANGUAGE_STANDARD = gnu17;
				GCC_DYNAMIC_NO_PIC = NO;
				GCC_NO_COMMON_BLOCKS = YES;
				GCC_OPTIMIZATION_LEVEL = 0;
				GCC_PREPROCESSOR_DEFINITIONS = (
					"DEBUG=1",
					"$(inherited)",
				);
				GCC_WARN_64_TO_32_BIT_CONVERSION = YES;
				GCC_WARN_ABOUT_RETURN_TYPE = YES_ERROR;
				GCC_WARN_UNDECLARED_SELECTOR = YES;
				GCC_WARN_UNINITIALIZED_AUTOS = YES_AGGRESSIVE;
				GCC_WARN_UNUSED_FUNCTION = YES;
				GCC_WARN_UNUSED_VARIABLE = YES;
				IPHONEOS_DEPLOYMENT_TARGET = 18.0;
				LOCALIZATION_PREFERS_STRING_CATALOGS = YES;
				MTL_ENABLE_DEBUG_INFO = INCLUDE_SOURCE;
				MTL_FAST_MATH = YES;
				ONLY_ACTIVE_ARCH = YES;
				SDKROOT = iphoneos;
				SWIFT_ACTIVE_COMPILATION_CONDITIONS = "DEBUG $(inherited)";
				SWIFT_OPTIMIZATION_LEVEL = "-Onone";
			};
			name = Debug;
		};
		6EA77BF92CB427B300FD7574 /* Release */ = {
			isa = XCBuildConfiguration;
			buildSettings = {
				ALWAYS_SEARCH_USER_PATHS = NO;
				ASSETCATALOG_COMPILER_GENERATE_SWIFT_ASSET_SYMBOL_EXTENSIONS = YES;
				CLANG_ANALYZER_NONNULL = YES;
				CLANG_ANALYZER_NUMBER_OBJECT_CONVERSION = YES_AGGRESSIVE;
				CLANG_CXX_LANGUAGE_STANDARD = "gnu++20";
				CLANG_ENABLE_MODULES = YES;
				CLANG_ENABLE_OBJC_ARC = YES;
				CLANG_ENABLE_OBJC_WEAK = YES;
				CLANG_WARN_BLOCK_CAPTURE_AUTORELEASING = YES;
				CLANG_WARN_BOOL_CONVERSION = YES;
				CLANG_WARN_COMMA = YES;
				CLANG_WARN_CONSTANT_CONVERSION = YES;
				CLANG_WARN_DEPRECATED_OBJC_IMPLEMENTATIONS = YES;
				CLANG_WARN_DIRECT_OBJC_ISA_USAGE = YES_ERROR;
				CLANG_WARN_DOCUMENTATION_COMMENTS = YES;
				CLANG_WARN_EMPTY_BODY = YES;
				CLANG_WARN_ENUM_CONVERSION = YES;
				CLANG_WARN_INFINITE_RECURSION = YES;
				CLANG_WARN_INT_CONVERSION = YES;
				CLANG_WARN_NON_LITERAL_NULL_CONVERSION = YES;
				CLANG_WARN_OBJC_IMPLICIT_RETAIN_SELF = YES;
				CLANG_WARN_OBJC_LITERAL_CONVERSION = YES;
				CLANG_WARN_OBJC_ROOT_CLASS = YES_ERROR;
				CLANG_WARN_QUOTED_INCLUDE_IN_FRAMEWORK_HEADER = YES;
				CLANG_WARN_RANGE_LOOP_ANALYSIS = YES;
				CLANG_WARN_STRICT_PROTOTYPES = YES;
				CLANG_WARN_SUSPICIOUS_MOVE = YES;
				CLANG_WARN_UNGUARDED_AVAILABILITY = YES_AGGRESSIVE;
				CLANG_WARN_UNREACHABLE_CODE = YES;
				CLANG_WARN__DUPLICATE_METHOD_MATCH = YES;
				COPY_PHASE_STRIP = NO;
				DEBUG_INFORMATION_FORMAT = "dwarf-with-dsym";
				ENABLE_NS_ASSERTIONS = NO;
				ENABLE_STRICT_OBJC_MSGSEND = YES;
				ENABLE_USER_SCRIPT_SANDBOXING = YES;
				GCC_C_LANGUAGE_STANDARD = gnu17;
				GCC_NO_COMMON_BLOCKS = YES;
				GCC_WARN_64_TO_32_BIT_CONVERSION = YES;
				GCC_WARN_ABOUT_RETURN_TYPE = YES_ERROR;
				GCC_WARN_UNDECLARED_SELECTOR = YES;
				GCC_WARN_UNINITIALIZED_AUTOS = YES_AGGRESSIVE;
				GCC_WARN_UNUSED_FUNCTION = YES;
				GCC_WARN_UNUSED_VARIABLE = YES;
				IPHONEOS_DEPLOYMENT_TARGET = 18.0;
				LOCALIZATION_PREFERS_STRING_CATALOGS = YES;
				MTL_ENABLE_DEBUG_INFO = NO;
				MTL_FAST_MATH = YES;
				SDKROOT = iphoneos;
				SWIFT_COMPILATION_MODE = wholemodule;
				VALIDATE_PRODUCT = YES;
			};
			name = Release;
		};
		6EA77BFB2CB427B300FD7574 /* Debug */ = {
			isa = XCBuildConfiguration;
			buildSettings = {
				BUNDLE_LOADER = "$(TEST_HOST)";
				CODE_SIGN_STYLE = Automatic;
				CURRENT_PROJECT_VERSION = 1;
				GENERATE_INFOPLIST_FILE = YES;
				IPHONEOS_DEPLOYMENT_TARGET = 18.0;
				MARKETING_VERSION = 1.0;
				PRODUCT_BUNDLE_IDENTIFIER = vlouro.BookStoreChallengeTests;
				PRODUCT_NAME = "$(TARGET_NAME)";
				SWIFT_EMIT_LOC_STRINGS = NO;
				SWIFT_VERSION = 5.0;
				TARGETED_DEVICE_FAMILY = "1,2";
				TEST_HOST = "$(BUILT_PRODUCTS_DIR)/BookStoreChallenge.app/$(BUNDLE_EXECUTABLE_FOLDER_PATH)/BookStoreChallenge";
			};
			name = Debug;
		};
		6EA77BFC2CB427B300FD7574 /* Release */ = {
			isa = XCBuildConfiguration;
			buildSettings = {
				BUNDLE_LOADER = "$(TEST_HOST)";
				CODE_SIGN_STYLE = Automatic;
				CURRENT_PROJECT_VERSION = 1;
				GENERATE_INFOPLIST_FILE = YES;
				IPHONEOS_DEPLOYMENT_TARGET = 18.0;
				MARKETING_VERSION = 1.0;
				PRODUCT_BUNDLE_IDENTIFIER = vlouro.BookStoreChallengeTests;
				PRODUCT_NAME = "$(TARGET_NAME)";
				SWIFT_EMIT_LOC_STRINGS = NO;
				SWIFT_VERSION = 5.0;
				TARGETED_DEVICE_FAMILY = "1,2";
				TEST_HOST = "$(BUILT_PRODUCTS_DIR)/BookStoreChallenge.app/$(BUNDLE_EXECUTABLE_FOLDER_PATH)/BookStoreChallenge";
			};
			name = Release;
		};
		6EA77BFE2CB427B300FD7574 /* Debug */ = {
			isa = XCBuildConfiguration;
			buildSettings = {
				CODE_SIGN_STYLE = Automatic;
				CURRENT_PROJECT_VERSION = 1;
				GENERATE_INFOPLIST_FILE = YES;
				MARKETING_VERSION = 1.0;
				PRODUCT_BUNDLE_IDENTIFIER = vlouro.BookStoreChallengeUITests;
				PRODUCT_NAME = "$(TARGET_NAME)";
				SWIFT_EMIT_LOC_STRINGS = NO;
				SWIFT_VERSION = 5.0;
				TARGETED_DEVICE_FAMILY = "1,2";
				TEST_TARGET_NAME = BookStoreChallenge;
			};
			name = Debug;
		};
		6EA77BFF2CB427B300FD7574 /* Release */ = {
			isa = XCBuildConfiguration;
			buildSettings = {
				CODE_SIGN_STYLE = Automatic;
				CURRENT_PROJECT_VERSION = 1;
				GENERATE_INFOPLIST_FILE = YES;
				MARKETING_VERSION = 1.0;
				PRODUCT_BUNDLE_IDENTIFIER = vlouro.BookStoreChallengeUITests;
				PRODUCT_NAME = "$(TARGET_NAME)";
				SWIFT_EMIT_LOC_STRINGS = NO;
				SWIFT_VERSION = 5.0;
				TARGETED_DEVICE_FAMILY = "1,2";
				TEST_TARGET_NAME = BookStoreChallenge;
			};
			name = Release;
		};
/* End XCBuildConfiguration section */

/* Begin XCConfigurationList section */
		6EA77BC72CB427B100FD7574 /* Build configuration list for PBXProject "BookStoreChallenge" */ = {
			isa = XCConfigurationList;
			buildConfigurations = (
				6EA77BF82CB427B300FD7574 /* Debug */,
				6EA77BF92CB427B300FD7574 /* Release */,
			);
			defaultConfigurationIsVisible = 0;
			defaultConfigurationName = Release;
		};
		6EA77BF52CB427B300FD7574 /* Build configuration list for PBXNativeTarget "BookStoreChallenge" */ = {
			isa = XCConfigurationList;
			buildConfigurations = (
				6EA77BF62CB427B300FD7574 /* Debug */,
				6EA77BF72CB427B300FD7574 /* Release */,
			);
			defaultConfigurationIsVisible = 0;
			defaultConfigurationName = Release;
		};
		6EA77BFA2CB427B300FD7574 /* Build configuration list for PBXNativeTarget "BookStoreChallengeTests" */ = {
			isa = XCConfigurationList;
			buildConfigurations = (
				6EA77BFB2CB427B300FD7574 /* Debug */,
				6EA77BFC2CB427B300FD7574 /* Release */,
			);
			defaultConfigurationIsVisible = 0;
			defaultConfigurationName = Release;
		};
		6EA77BFD2CB427B300FD7574 /* Build configuration list for PBXNativeTarget "BookStoreChallengeUITests" */ = {
			isa = XCConfigurationList;
			buildConfigurations = (
				6EA77BFE2CB427B300FD7574 /* Debug */,
				6EA77BFF2CB427B300FD7574 /* Release */,
			);
			defaultConfigurationIsVisible = 0;
			defaultConfigurationName = Release;
		};
/* End XCConfigurationList section */
	};
	rootObject = 6EA77BC42CB427B100FD7574 /* Project object */;
}
